
Microsoft Visual Studio Solution File, Format Version 12.00
# Visual Studio Version 16
VisualStudioVersion = 16.0.30804.86
MinimumVisualStudioVersion = 10.0.40219.1
Project("{888888A0-9F3D-457C-B088-3A5042F75D52}") = "Flowers", "Flowers.pyproj", "{F87B08B5-2E8D-463D-99BF-652866908F64}"
EndProject
Global
	GlobalSection(SolutionConfigurationPlatforms) = preSolution
		Debug|Any CPU = Debug|Any CPU
		Release|Any CPU = Release|Any CPU
	EndGlobalSection
	GlobalSection(ProjectConfigurationPlatforms) = postSolution
		{F87B08B5-2E8D-463D-99BF-652866908F64}.Debug|Any CPU.ActiveCfg = Debug|Any CPU
		{F87B08B5-2E8D-463D-99BF-652866908F64}.Debug|Any CPU.Build.0 = Debug|Any CPU
		{F87B08B5-2E8D-463D-99BF-652866908F64}.Release|Any CPU.ActiveCfg = Release|Any CPU
		{F87B08B5-2E8D-463D-99BF-652866908F64}.Release|Any CPU.Build.0 = Release|Any CPU
	EndGlobalSection
	GlobalSection(SolutionProperties) = preSolution
		HideSolutionNode = FALSE
	EndGlobalSection
	GlobalSection(ExtensibilityGlobals) = postSolution
		SolutionGuid = {F82631E6-2F55-4BE8-BA6D-668BA8C9A364}
	EndGlobalSection
EndGlobal
